
Microsoft Visual Studio Solution File, Format Version 12.00
# Visual Studio 14
VisualStudioVersion = 14.0.25420.1
MinimumVisualStudioVersion = 10.0.40219.1
Project("{FAE04EC0-301F-11D3-BF4B-00C04F79EFBC}") = "Al-Amad", "Al-Amad\Al-Amad.csproj", "{5CC69142-B0E8-490F-9C37-10EA80E40E51}"
EndProject
Project("{FAE04EC0-301F-11D3-BF4B-00C04F79EFBC}") = "BL", "BL\BL.csproj", "{B07071B3-134D-4350-8CA4-89AB52E6A20B}"
EndProject
Project("{00D1A9C2-B5F0-4AF3-8072-F6C62B433612}") = "Database1", "Database1\Database1.sqlproj", "{5A8083A9-F4E1-49DB-A01B-3010C316CA52}"
EndProject
Project("{FAE04EC0-301F-11D3-BF4B-00C04F79EFBC}") = "DataAcess", "DataAcess\DataAcess.csproj", "{06E8D7EA-48C2-42B5-8962-4179E9202089}"
EndProject
Project("{FAE04EC0-301F-11D3-BF4B-00C04F79EFBC}") = "ConsoleTEST", "ConsoleTEST\ConsoleTEST.csproj", "{26D51BC5-54D2-4C40-AAFF-A12414710EEF}"
EndProject
Global
	GlobalSection(SolutionConfigurationPlatforms) = preSolution
		Debug|Any CPU = Debug|Any CPU
		Release|Any CPU = Release|Any CPU
	EndGlobalSection
	GlobalSection(ProjectConfigurationPlatforms) = postSolution
		{5CC69142-B0E8-490F-9C37-10EA80E40E51}.Debug|Any CPU.ActiveCfg = Debug|Any CPU
		{5CC69142-B0E8-490F-9C37-10EA80E40E51}.Debug|Any CPU.Build.0 = Debug|Any CPU
		{5CC69142-B0E8-490F-9C37-10EA80E40E51}.Release|Any CPU.ActiveCfg = Release|Any CPU
		{5CC69142-B0E8-490F-9C37-10EA80E40E51}.Release|Any CPU.Build.0 = Release|Any CPU
		{B07071B3-134D-4350-8CA4-89AB52E6A20B}.Debug|Any CPU.ActiveCfg = Debug|Any CPU
		{B07071B3-134D-4350-8CA4-89AB52E6A20B}.Debug|Any CPU.Build.0 = Debug|Any CPU
		{B07071B3-134D-4350-8CA4-89AB52E6A20B}.Release|Any CPU.ActiveCfg = Release|Any CPU
		{B07071B3-134D-4350-8CA4-89AB52E6A20B}.Release|Any CPU.Build.0 = Release|Any CPU
		{5A8083A9-F4E1-49DB-A01B-3010C316CA52}.Debug|Any CPU.ActiveCfg = Debug|Any CPU
		{5A8083A9-F4E1-49DB-A01B-3010C316CA52}.Debug|Any CPU.Build.0 = Debug|Any CPU
		{5A8083A9-F4E1-49DB-A01B-3010C316CA52}.Debug|Any CPU.Deploy.0 = Debug|Any CPU
		{5A8083A9-F4E1-49DB-A01B-3010C316CA52}.Release|Any CPU.ActiveCfg = Release|Any CPU
		{5A8083A9-F4E1-49DB-A01B-3010C316CA52}.Release|Any CPU.Build.0 = Release|Any CPU
		{5A8083A9-F4E1-49DB-A01B-3010C316CA52}.Release|Any CPU.Deploy.0 = Release|Any CPU
		{06E8D7EA-48C2-42B5-8962-4179E9202089}.Debug|Any CPU.ActiveCfg = Debug|Any CPU
		{06E8D7EA-48C2-42B5-8962-4179E9202089}.Debug|Any CPU.Build.0 = Debug|Any CPU
		{06E8D7EA-48C2-42B5-8962-4179E9202089}.Release|Any CPU.ActiveCfg = Release|Any CPU
		{06E8D7EA-48C2-42B5-8962-4179E9202089}.Release|Any CPU.Build.0 = Release|Any CPU
		{26D51BC5-54D2-4C40-AAFF-A12414710EEF}.Debug|Any CPU.ActiveCfg = Debug|Any CPU
		{26D51BC5-54D2-4C40-AAFF-A12414710EEF}.Debug|Any CPU.Build.0 = Debug|Any CPU
		{26D51BC5-54D2-4C40-AAFF-A12414710EEF}.Release|Any CPU.ActiveCfg = Release|Any CPU
		{26D51BC5-54D2-4C40-AAFF-A12414710EEF}.Release|Any CPU.Build.0 = Release|Any CPU
	EndGlobalSection
	GlobalSection(SolutionProperties) = preSolution
		HideSolutionNode = FALSE
	EndGlobalSection
EndGlobal
